{
  "name": "docmaps-specification",
  "version": "0.1.0",
  "lockfileVersion": 3,
  "requires": true,
  "packages": {
    "": {
      "name": "docmaps-specification",
      "version": "0.1.0",
      "license": "MTI",
      "dependencies": {
        "@rdfjs/formats-common": "^3.1.0",
        "@rdfjs/parser-jsonld": "^2.1.0",
        "@rdfjs/parser-n3": "^2.0.1",
        "@rdfjs/serializer-turtle": "^1.0.1",
        "rdf-ext": "^2.2.0",
        "rdf-validate-shacl": "^0.4.5"
      }
    },
    "node_modules/@bergos/jsonparse": {
      "version": "1.4.1",
      "resolved": "https://registry.npmjs.org/@bergos/jsonparse/-/jsonparse-1.4.1.tgz",
      "integrity": "sha512-vXIT0nzZGX/+yMD5bx2VhTzc92H55tPoehh1BW/FZHOndWGFddrH3MAfdx39FRc7irABirW6EQaGxIJYV6CGuA==",
      "engines": [
        "node >= 0.2.0"
      ],
      "dependencies": {
        "buffer": "^6.0.3"
      }
    },
    "node_modules/@rdfjs/data-model": {
      "version": "2.0.1",
      "resolved": "https://registry.npmjs.org/@rdfjs/data-model/-/data-model-2.0.1.tgz",
      "integrity": "sha512-oRDYpy7/fJ9NNjS+M7m+dbnhi4lOWYGbBiM/A+u9bBExnN6ifXUF5mUsFxwZaQulmwTDaMhKERdV6iKTBUMgtw==",
      "bin": {
        "rdfjs-data-model-test": "bin/test.js"
      }
    },
    "node_modules/@rdfjs/dataset": {
      "version": "2.0.1",
      "resolved": "https://registry.npmjs.org/@rdfjs/dataset/-/dataset-2.0.1.tgz",
      "integrity": "sha512-hDIaXpUmU/ZdofX/BMFDAchkhN/AjmP5dMCOuVL2VCqWuFjeQxd2KV84E4+7S2Biw8tjEFhPBeQZP7KW+ARV7Q==",
      "bin": {
        "rdfjs-dataset-test": "bin/test.js"
      }
    },
    "node_modules/@rdfjs/environment": {
      "version": "0.1.2",
      "resolved": "https://registry.npmjs.org/@rdfjs/environment/-/environment-0.1.2.tgz",
      "integrity": "sha512-R4N73kaoaOt3XvgLy2Cb98bJUgMJv/wRsUPGDxeogbtalkENPmo3X5to/rKQEwOjnj+jw+ILzN2webUHb8pvEw==",
      "dependencies": {
        "@rdfjs/data-model": "^2.0.1",
        "@rdfjs/dataset": "^2.0.1",
        "@rdfjs/fetch-lite": "^3.2.1",
        "@rdfjs/namespace": "^2.0.0",
        "@rdfjs/sink-map": "^2.0.0",
        "@rdfjs/term-map": "^2.0.0",
        "@rdfjs/term-set": "^2.0.1"
      }
    },
    "node_modules/@rdfjs/fetch-lite": {
      "version": "3.2.1",
      "resolved": "https://registry.npmjs.org/@rdfjs/fetch-lite/-/fetch-lite-3.2.1.tgz",
      "integrity": "sha512-cnCuSkEpMGsSbkd3+bIKheCKTDE4iBSGG6l/Inp0qg4y5WMLtcffKtSUzWhq09cAajm0dWs+5W3EGPNBqF5A4w==",
      "dependencies": {
        "is-stream": "^3.0.0",
        "nodeify-fetch": "^3.1.0",
        "readable-stream": "^4.2.0"
      }
    },
    "node_modules/@rdfjs/formats-common": {
      "version": "3.1.0",
      "resolved": "https://registry.npmjs.org/@rdfjs/formats-common/-/formats-common-3.1.0.tgz",
      "integrity": "sha512-wgz5za/Uls+pttLdLl/aH0m0LQNgjqpWwk9exNs2Smmb2CosynRo4S0+CxeNOVZh4zeUm7oAlr1CK/tyg4Ff6g==",
      "dependencies": {
        "@rdfjs/parser-jsonld": "^2.0.0",
        "@rdfjs/parser-n3": "^2.0.0",
        "@rdfjs/serializer-jsonld": "^2.0.0",
        "@rdfjs/serializer-ntriples": "^2.0.0",
        "@rdfjs/sink-map": "^2.0.0",
        "rdfxml-streaming-parser": "^2.2.0"
      }
    },
    "node_modules/@rdfjs/namespace": {
      "version": "2.0.0",
      "resolved": "https://registry.npmjs.org/@rdfjs/namespace/-/namespace-2.0.0.tgz",
      "integrity": "sha512-cBBvNrlSOah4z7u2vS74Lxng/ivELy6tNPjx+G/Ag14up8z5xmX8njn+U/mJ+nlcXO7nDGK4rgaAq7jtl9S3CQ==",
      "dependencies": {
        "@rdfjs/data-model": "^2.0.0"
      }
    },
    "node_modules/@rdfjs/normalize": {
      "version": "2.0.0",
      "resolved": "https://registry.npmjs.org/@rdfjs/normalize/-/normalize-2.0.0.tgz",
      "integrity": "sha512-jOSdIKz9r/oPI9nuWXMTYzFaCbrFQj9qEOPdqs1/7oAR1JTvqpS69HVZPkVqbH+WhL52PJbBXyA5QadoyNLgpQ==",
      "dependencies": {
        "rdf-canonize": "^3.0.0"
      },
      "engines": {
        "node": ">= 14.0.0"
      }
    },
    "node_modules/@rdfjs/parser-jsonld": {
      "version": "2.1.0",
      "resolved": "https://registry.npmjs.org/@rdfjs/parser-jsonld/-/parser-jsonld-2.1.0.tgz",
      "integrity": "sha512-RdulIDLGFNJljM28IDjdeEtMnY7QGlOGvAZebSNM6FhGfp1FsRYvr+5yQRKrpSHHfM97vKyHOyKis1MT8f3IfQ==",
      "dependencies": {
        "@rdfjs/data-model": "^2.0.1",
        "@rdfjs/sink": "^2.0.0",
        "duplex-to": "^2.0.0",
        "jsonld-streaming-parser": "^3.0.0",
        "readable-stream": "^4.2.0"
      }
    },
    "node_modules/@rdfjs/parser-n3": {
      "version": "2.0.1",
      "resolved": "https://registry.npmjs.org/@rdfjs/parser-n3/-/parser-n3-2.0.1.tgz",
      "integrity": "sha512-D9ZHQwtuKG7aF3nGcOijXWkaR//lpck0UB3AL+4P7OELY1idjmVjQjhreQxY5ll8cbPp2slavPvFfUWYSDtEwA==",
      "dependencies": {
        "@rdfjs/data-model": "^2.0.1",
        "@rdfjs/sink": "^2.0.0",
        "duplex-to": "^2.0.0",
        "n3": "^1.16.2",
        "readable-stream": "^4.2.0"
      }
    },
    "node_modules/@rdfjs/prefix-map": {
      "version": "0.1.1",
      "resolved": "https://registry.npmjs.org/@rdfjs/prefix-map/-/prefix-map-0.1.1.tgz",
      "integrity": "sha512-w9VrJ/YfMyvdcpuKG0XEzgbH6AXtUSugvgL1U1IvbTYdL2rfIifaYkSyp86lEhD2hHeYUYAGZTKkpDErtXCMxQ==",
      "dependencies": {
        "readable-stream": "^4.3.0"
      }
    },
    "node_modules/@rdfjs/score": {
      "version": "0.1.1",
      "resolved": "https://registry.npmjs.org/@rdfjs/score/-/score-0.1.1.tgz",
      "integrity": "sha512-+t9Sf5nFUJTvH8X2Xy7H+egLKIyVCwlDzCGrWThSrSCmIENcC9n3+GkMMImnsmYDeSXaWi3awcI1f1TmA84FIQ==",
      "dependencies": {
        "@rdfjs/data-model": "^2.0.1",
        "@rdfjs/term-map": "^2.0.0",
        "@rdfjs/term-set": "^2.0.1",
        "@rdfjs/to-ntriples": "^2.0.0"
      }
    },
    "node_modules/@rdfjs/serializer-jsonld": {
      "version": "2.0.0",
      "resolved": "https://registry.npmjs.org/@rdfjs/serializer-jsonld/-/serializer-jsonld-2.0.0.tgz",
      "integrity": "sha512-JGk17iT5QW1FpTI8SBruXIcYQFuuUwqurByNndWTE4k0zrNzvwrfOtsd6lIMthlubWVTfBAhV7mHDSwtMHdHQg==",
      "dependencies": {
        "@rdfjs/sink": "^2.0.0",
        "readable-stream": "^4.2.0"
      }
    },
    "node_modules/@rdfjs/serializer-ntriples": {
      "version": "2.0.0",
      "resolved": "https://registry.npmjs.org/@rdfjs/serializer-ntriples/-/serializer-ntriples-2.0.0.tgz",
      "integrity": "sha512-ODVUNR1kkVBCgBtOIkEvzUBs97u+EtCEi6r55kkigrrC2ud1FQ80+vczDdBBsemjijnfK1CwOAXG0DKRLztwZA==",
      "dependencies": {
        "@rdfjs/to-ntriples": "^2.0.0",
        "duplex-to": "^2.0.0",
        "readable-stream": "^4.2.0"
      }
    },
    "node_modules/@rdfjs/serializer-turtle": {
      "version": "1.0.1",
      "resolved": "https://registry.npmjs.org/@rdfjs/serializer-turtle/-/serializer-turtle-1.0.1.tgz",
      "integrity": "sha512-dFWSnH/foRR7F5ueW4z0EUaTor/KmS8Dy2SgIFwUuPkcfntPzsumPjKjQ2JHKMOlO/VGsvbGKrCfEzI9mrAEOg==",
      "dependencies": {
        "@rdfjs/data-model": "^2.0.1",
        "@rdfjs/namespace": "^2.0.0",
        "@rdfjs/prefix-map": "^0.1.1",
        "@rdfjs/sink": "^2.0.0",
        "@rdfjs/term-map": "^2.0.0",
        "@rdfjs/to-ntriples": "^2.0.0",
        "@rdfjs/tree": "^0.2.0",
        "readable-stream": "^4.3.0",
        "stream-chunks": "^1.0.0"
      }
    },
    "node_modules/@rdfjs/sink": {
      "version": "2.0.0",
      "resolved": "https://registry.npmjs.org/@rdfjs/sink/-/sink-2.0.0.tgz",
      "integrity": "sha512-EDM6BjdVZdTHa6L3XWnXCDDu7h2tD/UAczc8WSG+Aw3m9yYkUUHypExNhlkA67sNRORC9Q/9hyHkAZBOVNRI6A=="
    },
    "node_modules/@rdfjs/sink-map": {
      "version": "2.0.0",
      "resolved": "https://registry.npmjs.org/@rdfjs/sink-map/-/sink-map-2.0.0.tgz",
      "integrity": "sha512-5Ahs1Ky6fglsqewpo89K7CFxD4EvFvAHdI/E5HJTu0L4tCUlvnZsmyKem4iYPDWdwsKplmUdORonUz75qPgd1g=="
    },
    "node_modules/@rdfjs/term-map": {
      "version": "2.0.0",
      "resolved": "https://registry.npmjs.org/@rdfjs/term-map/-/term-map-2.0.0.tgz",
      "integrity": "sha512-z0K8AgLsJGTrh+dGkXNl/oT9vBdMei4xq1MIeGN360oimA81Q+ruQUKFCbYNRRZS03tVHPBzqXUal/DezFGPEA==",
      "dependencies": {
        "@rdfjs/to-ntriples": "^2.0.0"
      }
    },
    "node_modules/@rdfjs/term-set": {
      "version": "2.0.1",
      "resolved": "https://registry.npmjs.org/@rdfjs/term-set/-/term-set-2.0.1.tgz",
      "integrity": "sha512-ZD8IwSY7tPpevs2iaQEsesAu8c7TO4GKHQHObbehUE4odKa9BuhuimdNuYwBoyVprTtHARaW6VW+0Jsu7ehD+Q==",
      "dependencies": {
        "@rdfjs/to-ntriples": "^2.0.0"
      }
    },
    "node_modules/@rdfjs/to-ntriples": {
      "version": "2.0.0",
      "resolved": "https://registry.npmjs.org/@rdfjs/to-ntriples/-/to-ntriples-2.0.0.tgz",
      "integrity": "sha512-nDhpfhx6W6HKsy4HjyLp3H1nbrX1CiUCWhWQwKcYZX1s9GOjcoQTwY7GUUbVec0hzdJDQBR6gnjxtENBDt482Q=="
    },
    "node_modules/@rdfjs/traverser": {
      "version": "0.1.1",
      "resolved": "https://registry.npmjs.org/@rdfjs/traverser/-/traverser-0.1.1.tgz",
      "integrity": "sha512-zyVuur2dS5cceUPjIh0TNS7GsmvEHaSqb5Sw5yxS4mDOun1X35FObNEezksbGpc2KzcDTJJV8V2SLr397lAGug=="
    },
    "node_modules/@rdfjs/tree": {
      "version": "0.2.0",
      "resolved": "https://registry.npmjs.org/@rdfjs/tree/-/tree-0.2.0.tgz",
      "integrity": "sha512-KhtzoHPDDvIYJLS2r4u1EL1TErmoRzI/6JThcf4RqwZNVCh9WrjrZedMvOcvl47Rawlrgjnt73uQtTa3RcbMzQ==",
      "dependencies": {
        "@rdfjs/namespace": "^2.0.0",
        "@rdfjs/term-map": "^2.0.0",
        "@rdfjs/term-set": "^2.0.1"
      }
    },
    "node_modules/@rdfjs/types": {
      "version": "1.1.0",
      "resolved": "https://registry.npmjs.org/@rdfjs/types/-/types-1.1.0.tgz",
      "integrity": "sha512-5zm8bN2/CC634dTcn/0AhTRLaQRjXDZs3QfcAsQKNturHT7XVWcKy/8p3P5gXl+YkZTAmy7T5M/LyiT/jbkENw==",
      "dependencies": {
        "@types/node": "*"
      }
    },
    "node_modules/@types/http-link-header": {
      "version": "1.0.3",
      "resolved": "https://registry.npmjs.org/@types/http-link-header/-/http-link-header-1.0.3.tgz",
      "integrity": "sha512-y8HkoD/vyid+5MrJ3aas0FvU3/BVBGcyG9kgxL0Zn4JwstA8CglFPnrR0RuzOjRCXwqzL5uxWC2IO7Ub0rMU2A==",
      "dependencies": {
        "@types/node": "*"
      }
    },
    "node_modules/@types/node": {
      "version": "18.13.0",
      "resolved": "https://registry.npmjs.org/@types/node/-/node-18.13.0.tgz",
      "integrity": "sha512-gC3TazRzGoOnoKAhUx+Q0t8S9Tzs74z7m0ipwGpSqQrleP14hKxP4/JUeEQcD3W1/aIpnWl8pHowI7WokuZpXg=="
    },
    "node_modules/@types/readable-stream": {
      "version": "2.3.15",
      "resolved": "https://registry.npmjs.org/@types/readable-stream/-/readable-stream-2.3.15.tgz",
      "integrity": "sha512-oM5JSKQCcICF1wvGgmecmHldZ48OZamtMxcGGVICOJA8o8cahXC1zEVAif8iwoc5j8etxFaRFnf095+CDsuoFQ==",
      "dependencies": {
        "@types/node": "*",
        "safe-buffer": "~5.1.1"
      }
    },
    "node_modules/@types/readable-stream/node_modules/safe-buffer": {
      "version": "5.1.2",
      "resolved": "https://registry.npmjs.org/safe-buffer/-/safe-buffer-5.1.2.tgz",
      "integrity": "sha512-Gd2UZBJDkXlY7GbJxfsE8/nvKkUEU1G38c1siN6QP6a9PT9MmHB8GnpscSmMJSoF8LOIrt8ud/wPtojys4G6+g=="
    },
    "node_modules/abort-controller": {
      "version": "3.0.0",
      "resolved": "https://registry.npmjs.org/abort-controller/-/abort-controller-3.0.0.tgz",
      "integrity": "sha512-h8lQ8tacZYnR3vNQTgibj+tODHI5/+l06Au2Pcriv/Gmet0eaj4TwWH41sO9wnHDiQsEj19q0drzdWdeAHtweg==",
      "dependencies": {
        "event-target-shim": "^5.0.0"
      },
      "engines": {
        "node": ">=6.5"
      }
    },
    "node_modules/base64-js": {
      "version": "1.5.1",
      "resolved": "https://registry.npmjs.org/base64-js/-/base64-js-1.5.1.tgz",
      "integrity": "sha512-AKpaYlHn8t4SVbOHCy+b5+KKgvR4vrsD8vbvrbiQJps7fKDTkjkDry6ji0rUJjC0kzbNePLwzxq8iypo41qeWA==",
      "funding": [
        {
          "type": "github",
          "url": "https://github.com/sponsors/feross"
        },
        {
          "type": "patreon",
          "url": "https://www.patreon.com/feross"
        },
        {
          "type": "consulting",
          "url": "https://feross.org/support"
        }
      ]
    },
    "node_modules/buffer": {
      "version": "6.0.3",
      "resolved": "https://registry.npmjs.org/buffer/-/buffer-6.0.3.tgz",
      "integrity": "sha512-FTiCpNxtwiZZHEZbcbTIcZjERVICn9yq/pDFkTl95/AxzD1naBctN7YO68riM/gLSDY7sdrMby8hofADYuuqOA==",
      "funding": [
        {
          "type": "github",
          "url": "https://github.com/sponsors/feross"
        },
        {
          "type": "patreon",
          "url": "https://www.patreon.com/feross"
        },
        {
          "type": "consulting",
          "url": "https://feross.org/support"
        }
      ],
      "dependencies": {
        "base64-js": "^1.3.1",
        "ieee754": "^1.2.1"
      }
    },
    "node_modules/canonicalize": {
      "version": "1.0.8",
      "resolved": "https://registry.npmjs.org/canonicalize/-/canonicalize-1.0.8.tgz",
      "integrity": "sha512-0CNTVCLZggSh7bc5VkX5WWPWO+cyZbNd07IHIsSXLia/eAq+r836hgk+8BKoEh7949Mda87VUOitx5OddVj64A=="
    },
    "node_modules/clownface": {
      "version": "1.5.1",
      "resolved": "https://registry.npmjs.org/clownface/-/clownface-1.5.1.tgz",
      "integrity": "sha512-Ko8N/UFsnhEGmPlyE1bUFhbRhVgDbxqlIjcqxtLysc4dWaY0A7iCdg3savhAxs7Lheb7FCygIyRh7ADYZWVIng==",
      "dependencies": {
        "@rdfjs/data-model": "^1.1.0",
        "@rdfjs/namespace": "^1.0.0"
      }
    },
    "node_modules/clownface/node_modules/@rdfjs/data-model": {
      "version": "1.3.4",
      "resolved": "https://registry.npmjs.org/@rdfjs/data-model/-/data-model-1.3.4.tgz",
      "integrity": "sha512-iKzNcKvJotgbFDdti7GTQDCYmL7GsGldkYStiP0K8EYtN7deJu5t7U11rKTz+nR7RtesUggT+lriZ7BakFv8QQ==",
      "dependencies": {
        "@rdfjs/types": ">=1.0.1"
      },
      "bin": {
        "rdfjs-data-model-test": "bin/test.js"
      }
    },
    "node_modules/clownface/node_modules/@rdfjs/namespace": {
      "version": "1.1.0",
      "resolved": "https://registry.npmjs.org/@rdfjs/namespace/-/namespace-1.1.0.tgz",
      "integrity": "sha512-utO5rtaOKxk8B90qzaQ0N+J5WrCI28DtfAY/zExCmXE7cOfC5uRI/oMKbLaVEPj2P7uArekt/T4IPATtj7Tjug==",
      "dependencies": {
        "@rdfjs/data-model": "^1.1.0"
      },
      "engines": {
        "node": ">=6"
      }
    },
    "node_modules/cross-fetch": {
      "version": "3.1.5",
      "resolved": "https://registry.npmjs.org/cross-fetch/-/cross-fetch-3.1.5.tgz",
      "integrity": "sha512-lvb1SBsI0Z7GDwmuid+mU3kWVBwTVUbe7S0H52yaaAdQOXq2YktTCZdlAcNKFzE6QtRz0snpw9bNiPeOIkkQvw==",
      "dependencies": {
        "node-fetch": "2.6.7"
      }
    },
    "node_modules/cross-fetch/node_modules/node-fetch": {
      "version": "2.6.7",
      "resolved": "https://registry.npmjs.org/node-fetch/-/node-fetch-2.6.7.tgz",
      "integrity": "sha512-ZjMPFEfVx5j+y2yF35Kzx5sF7kDzxuDj6ziH4FFbOp87zKDZNx8yExJIb05OGF4Nlt9IHFIMBkRl41VdvcNdbQ==",
      "dependencies": {
        "whatwg-url": "^5.0.0"
      },
      "engines": {
        "node": "4.x || >=6.0.0"
      },
      "peerDependencies": {
        "encoding": "^0.1.0"
      },
      "peerDependenciesMeta": {
        "encoding": {
          "optional": true
        }
      }
    },
    "node_modules/data-uri-to-buffer": {
      "version": "4.0.1",
      "resolved": "https://registry.npmjs.org/data-uri-to-buffer/-/data-uri-to-buffer-4.0.1.tgz",
      "integrity": "sha512-0R9ikRb668HB7QDxT1vkpuUBtqc53YyAwMwGeUFKRojY/NWKvdZ+9UYtRfGmhqNbRkTSVpMbmyhXipFFv2cb/A==",
      "engines": {
        "node": ">= 12"
      }
    },
    "node_modules/debug": {
      "version": "4.3.4",
      "resolved": "https://registry.npmjs.org/debug/-/debug-4.3.4.tgz",
      "integrity": "sha512-PRWFHuSU3eDtQJPvnNY7Jcket1j0t5OuOsFzPPzsekD52Zl8qUfFIPEiswXqIvHWGVHOgX+7G/vCNNhehwxfkQ==",
      "dependencies": {
        "ms": "2.1.2"
      },
      "engines": {
        "node": ">=6.0"
      },
      "peerDependenciesMeta": {
        "supports-color": {
          "optional": true
        }
      }
    },
    "node_modules/duplex-to": {
      "version": "2.0.0",
      "resolved": "https://registry.npmjs.org/duplex-to/-/duplex-to-2.0.0.tgz",
      "integrity": "sha512-f2nMnk11mwDptEFBTv2mcWHpF4ENAbuQ63yTiSy/99rG4Exsxsf0GJhJYq/AHF2cdMYswSx23LPuoijBflpquQ=="
    },
    "node_modules/event-target-shim": {
      "version": "5.0.1",
      "resolved": "https://registry.npmjs.org/event-target-shim/-/event-target-shim-5.0.1.tgz",
      "integrity": "sha512-i/2XbnSz/uxRCU6+NdVJgKWDTM427+MqYbkQzD321DuCQJUqOuJKIA0IM2+W2xtYHdKOmZ4dR6fExsd4SXL+WQ==",
      "engines": {
        "node": ">=6"
      }
    },
    "node_modules/events": {
      "version": "3.3.0",
      "resolved": "https://registry.npmjs.org/events/-/events-3.3.0.tgz",
      "integrity": "sha512-mQw+2fkQbALzQ7V0MY0IqdnXNOeTtP4r0lN9z7AAawCXgqea7bDii20AYrIBrFd/Hx0M2Ocz6S111CaFkUcb0Q==",
      "engines": {
        "node": ">=0.8.x"
      }
    },
    "node_modules/fetch-blob": {
      "version": "3.2.0",
      "resolved": "https://registry.npmjs.org/fetch-blob/-/fetch-blob-3.2.0.tgz",
      "integrity": "sha512-7yAQpD2UMJzLi1Dqv7qFYnPbaPx7ZfFK6PiIxQ4PfkGPyNyl2Ugx+a/umUonmKqjhM4DnfbMvdX6otXq83soQQ==",
      "funding": [
        {
          "type": "github",
          "url": "https://github.com/sponsors/jimmywarting"
        },
        {
          "type": "paypal",
          "url": "https://paypal.me/jimmywarting"
        }
      ],
      "dependencies": {
        "node-domexception": "^1.0.0",
        "web-streams-polyfill": "^3.0.3"
      },
      "engines": {
        "node": "^12.20 || >= 14.13"
      }
    },
    "node_modules/formdata-polyfill": {
      "version": "4.0.10",
      "resolved": "https://registry.npmjs.org/formdata-polyfill/-/formdata-polyfill-4.0.10.tgz",
      "integrity": "sha512-buewHzMvYL29jdeQTVILecSaZKnt/RJWjoZCF5OW60Z67/GmSLBkOFM7qh1PI3zFNtJbaZL5eQu1vLfazOwj4g==",
      "dependencies": {
        "fetch-blob": "^3.1.2"
      },
      "engines": {
        "node": ">=12.20.0"
      }
    },
    "node_modules/http-link-header": {
      "version": "1.1.0",
      "resolved": "https://registry.npmjs.org/http-link-header/-/http-link-header-1.1.0.tgz",
      "integrity": "sha512-pj6N1yxOz/ANO8HHsWGg/OoIL1kmRYvQnXQ7PIRpgp+15AnEsRH8fmIJE6D1OdWG2Bov+BJHVla1fFXxg1JbbA==",
      "engines": {
        "node": ">=6.0.0"
      }
    },
    "node_modules/ieee754": {
      "version": "1.2.1",
      "resolved": "https://registry.npmjs.org/ieee754/-/ieee754-1.2.1.tgz",
      "integrity": "sha512-dcyqhDvX1C46lXZcVqCpK+FtMRQVdIMN6/Df5js2zouUsqG7I6sFxitIC+7KYK29KdXOLHdu9zL4sFnoVQnqaA==",
      "funding": [
        {
          "type": "github",
          "url": "https://github.com/sponsors/feross"
        },
        {
          "type": "patreon",
          "url": "https://www.patreon.com/feross"
        },
        {
          "type": "consulting",
          "url": "https://feross.org/support"
        }
      ]
    },
    "node_modules/is-stream": {
      "version": "3.0.0",
      "resolved": "https://registry.npmjs.org/is-stream/-/is-stream-3.0.0.tgz",
      "integrity": "sha512-LnQR4bZ9IADDRSkvpqMGvt/tEJWclzklNgSw48V5EAaAeDd6qGvN8ei6k5p0tvxSR171VmGyHuTiAOfxAbr8kA==",
      "engines": {
        "node": "^12.20.0 || ^14.13.1 || >=16.0.0"
      },
      "funding": {
        "url": "https://github.com/sponsors/sindresorhus"
      }
    },
    "node_modules/jsonld-context-parser": {
      "version": "2.3.0",
      "resolved": "https://registry.npmjs.org/jsonld-context-parser/-/jsonld-context-parser-2.3.0.tgz",
      "integrity": "sha512-c6w2GE57O26eWFjcPX6k6G86ootsIfpuVwhZKjCll0bVoDGBxr1P4OuU+yvgfnh1GJhAGErolfC7W1BklLjWMg==",
      "dependencies": {
        "@types/http-link-header": "^1.0.1",
        "@types/node": "^18.0.0",
        "canonicalize": "^1.0.1",
        "cross-fetch": "^3.0.6",
        "http-link-header": "^1.0.2",
        "relative-to-absolute-iri": "^1.0.5"
      },
      "bin": {
        "jsonld-context-parse": "bin/jsonld-context-parse.js"
      }
    },
    "node_modules/jsonld-streaming-parser": {
      "version": "3.2.0",
      "resolved": "https://registry.npmjs.org/jsonld-streaming-parser/-/jsonld-streaming-parser-3.2.0.tgz",
      "integrity": "sha512-lJR1SCT364PGpFrOQaY+ZQ7qDWqqiT3IMK+AvZ83fo0LvltFn8/UyXvIFc3RO7YcaEjLahAF0otCi8vOq21NtQ==",
      "dependencies": {
        "@bergos/jsonparse": "^1.4.0",
        "@rdfjs/types": "*",
        "@types/http-link-header": "^1.0.1",
        "@types/readable-stream": "^2.3.13",
        "buffer": "^6.0.3",
        "canonicalize": "^1.0.1",
        "http-link-header": "^1.0.2",
        "jsonld-context-parser": "^2.3.0",
        "rdf-data-factory": "^1.1.0",
        "readable-stream": "^4.0.0"
      }
    },
    "node_modules/lodash": {
      "version": "4.17.21",
      "resolved": "https://registry.npmjs.org/lodash/-/lodash-4.17.21.tgz",
      "integrity": "sha512-v2kDEe57lecTulaDIuNTPy3Ry4gLGJ6Z1O3vE1krgXZNrsQ+LFTGHVxVjcXPs17LhbZVGedAJv8XZ1tvj5FvSg=="
    },
    "node_modules/ms": {
      "version": "2.1.2",
      "resolved": "https://registry.npmjs.org/ms/-/ms-2.1.2.tgz",
      "integrity": "sha512-sGkPx+VjMtmA6MX27oA4FBFELFCZZ4S4XqeGOXCv68tT+jb3vk/RyaKWP0PTKyWtmLSM0b+adUTEvbs1PEaH2w=="
    },
    "node_modules/n3": {
      "version": "1.16.3",
      "resolved": "https://registry.npmjs.org/n3/-/n3-1.16.3.tgz",
      "integrity": "sha512-9caLSZuMW1kdlPxEN4ka6E4E8a5QKoZ2emxpW+zHMofI+Bo92nJhN//wNub15S5T9I4c6saEqdGEu+YXJqMZVA==",
      "dependencies": {
        "queue-microtask": "^1.1.2",
        "readable-stream": "^4.0.0"
      },
      "engines": {
        "node": ">=12.0"
      }
    },
    "node_modules/node-domexception": {
      "version": "1.0.0",
      "resolved": "https://registry.npmjs.org/node-domexception/-/node-domexception-1.0.0.tgz",
      "integrity": "sha512-/jKZoMpw0F8GRwl4/eLROPA3cfcXtLApP0QzLmUT/HuPCZWyB7IY9ZrMeKw2O/nFIqPQB3PVM9aYm0F312AXDQ==",
      "funding": [
        {
          "type": "github",
          "url": "https://github.com/sponsors/jimmywarting"
        },
        {
          "type": "github",
          "url": "https://paypal.me/jimmywarting"
        }
      ],
      "engines": {
        "node": ">=10.5.0"
      }
    },
    "node_modules/node-fetch": {
      "version": "3.3.0",
      "resolved": "https://registry.npmjs.org/node-fetch/-/node-fetch-3.3.0.tgz",
      "integrity": "sha512-BKwRP/O0UvoMKp7GNdwPlObhYGB5DQqwhEDQlNKuoqwVYSxkSZCSbHjnFFmUEtwSKRPU4kNK8PbDYYitwaE3QA==",
      "dependencies": {
        "data-uri-to-buffer": "^4.0.0",
        "fetch-blob": "^3.1.4",
        "formdata-polyfill": "^4.0.10"
      },
      "engines": {
        "node": "^12.20.0 || ^14.13.1 || >=16.0.0"
      },
      "funding": {
        "type": "opencollective",
        "url": "https://opencollective.com/node-fetch"
      }
    },
    "node_modules/nodeify-fetch": {
      "version": "3.1.0",
      "resolved": "https://registry.npmjs.org/nodeify-fetch/-/nodeify-fetch-3.1.0.tgz",
      "integrity": "sha512-ZV81vM//sEgTgXwVZlOONzcOCdTGQ53mV65FVSNXgPQHa8oCwRLtLbnGxL/1S/Yw90bcXUDKMz00jEnaeazo+A==",
      "dependencies": {
        "lodash": "^4.17.21",
        "node-fetch": "^3.2.10",
        "readable-stream": "^4.2.0",
        "stream-chunks": "^1.0.0"
      }
    },
    "node_modules/process": {
      "version": "0.11.10",
      "resolved": "https://registry.npmjs.org/process/-/process-0.11.10.tgz",
      "integrity": "sha512-cdGef/drWFoydD1JsMzuFf8100nZl+GT+yacc2bEced5f9Rjk4z+WtFUTBu9PhOi9j/jfmBPu0mMEY4wIdAF8A==",
      "engines": {
        "node": ">= 0.6.0"
      }
    },
    "node_modules/queue-microtask": {
      "version": "1.2.3",
      "resolved": "https://registry.npmjs.org/queue-microtask/-/queue-microtask-1.2.3.tgz",
      "integrity": "sha512-NuaNSa6flKT5JaSYQzJok04JzTL1CA6aGhv5rfLW3PgqA+M2ChpZQnAC8h8i4ZFkBS8X5RqkDBHA7r4hej3K9A==",
      "funding": [
        {
          "type": "github",
          "url": "https://github.com/sponsors/feross"
        },
        {
          "type": "patreon",
          "url": "https://www.patreon.com/feross"
        },
        {
          "type": "consulting",
          "url": "https://feross.org/support"
        }
      ]
    },
    "node_modules/rdf-canonize": {
      "version": "3.3.0",
      "resolved": "https://registry.npmjs.org/rdf-canonize/-/rdf-canonize-3.3.0.tgz",
      "integrity": "sha512-gfSNkMua/VWC1eYbSkVaL/9LQhFeOh0QULwv7Or0f+po8pMgQ1blYQFe1r9Mv2GJZXw88Cz/drnAnB9UlNnHfQ==",
      "dependencies": {
        "setimmediate": "^1.0.5"
      },
      "engines": {
        "node": ">=12"
      }
    },
    "node_modules/rdf-data-factory": {
      "version": "1.1.1",
      "resolved": "https://registry.npmjs.org/rdf-data-factory/-/rdf-data-factory-1.1.1.tgz",
      "integrity": "sha512-0HoLx7lbBlNd2YTmNKin0txgiYmAV56eVU823at8cG2+iD0Ia5kcRNDpzZy6I/HCtFTymHvTfdhHTzm3ak3Jpw==",
      "dependencies": {
        "@rdfjs/types": "*"
      }
    },
    "node_modules/rdf-ext": {
      "version": "2.2.0",
      "resolved": "https://registry.npmjs.org/rdf-ext/-/rdf-ext-2.2.0.tgz",
      "integrity": "sha512-/6Z1VK+OdL4SQnxhzdN1CJJY7pmtTzh0BHLRgKQG9MPIN2SnYr/eymHxqcygcZ/YHqXAV7kl2aOFbn6u9P4Wgw==",
      "dependencies": {
        "@rdfjs/data-model": "^2.0.1",
        "@rdfjs/dataset": "^2.0.1",
        "@rdfjs/environment": "^0.1.2",
        "@rdfjs/fetch-lite": "^3.2.1",
        "@rdfjs/namespace": "^2.0.0",
        "@rdfjs/normalize": "^2.0.0",
        "@rdfjs/prefix-map": "^0.1.1",
        "@rdfjs/score": "^0.1.1",
        "@rdfjs/term-map": "^2.0.0",
        "@rdfjs/term-set": "^2.0.1",
        "@rdfjs/to-ntriples": "^2.0.0",
        "@rdfjs/traverser": "^0.1.1",
        "clownface": "^1.5.1",
        "readable-stream": "^4.3.0"
      }
    },
    "node_modules/rdf-literal": {
      "version": "1.3.1",
      "resolved": "https://registry.npmjs.org/rdf-literal/-/rdf-literal-1.3.1.tgz",
      "integrity": "sha512-+o/PGOfJchyay9Rjrvi/oveRJACnt2WFO3LhEvtPlsRD1tFmwVUCMU+s33FtQprMo+z1ohFrv/yfEQ6Eym4KgQ==",
      "dependencies": {
        "@rdfjs/types": "*",
        "rdf-data-factory": "^1.1.0"
      }
    },
    "node_modules/rdf-validate-datatype": {
      "version": "0.1.5",
      "resolved": "https://registry.npmjs.org/rdf-validate-datatype/-/rdf-validate-datatype-0.1.5.tgz",
      "integrity": "sha512-gU+cD+AT1LpFwbemuEmTDjwLyFwJDiw21XHyIofKhFnEpXODjShBuxhgDGnZqW3qIEwu/vECjOecuD60e5ngiQ==",
      "dependencies": {
        "@rdfjs/namespace": "^1.1.0",
        "@rdfjs/to-ntriples": "^2.0.0"
      },
      "engines": {
        "node": ">=10.4"
      }
    },
    "node_modules/rdf-validate-datatype/node_modules/@rdfjs/data-model": {
      "version": "1.3.4",
      "resolved": "https://registry.npmjs.org/@rdfjs/data-model/-/data-model-1.3.4.tgz",
      "integrity": "sha512-iKzNcKvJotgbFDdti7GTQDCYmL7GsGldkYStiP0K8EYtN7deJu5t7U11rKTz+nR7RtesUggT+lriZ7BakFv8QQ==",
      "dependencies": {
        "@rdfjs/types": ">=1.0.1"
      },
      "bin": {
        "rdfjs-data-model-test": "bin/test.js"
      }
    },
    "node_modules/rdf-validate-datatype/node_modules/@rdfjs/namespace": {
      "version": "1.1.0",
      "resolved": "https://registry.npmjs.org/@rdfjs/namespace/-/namespace-1.1.0.tgz",
      "integrity": "sha512-utO5rtaOKxk8B90qzaQ0N+J5WrCI28DtfAY/zExCmXE7cOfC5uRI/oMKbLaVEPj2P7uArekt/T4IPATtj7Tjug==",
      "dependencies": {
        "@rdfjs/data-model": "^1.1.0"
      },
      "engines": {
        "node": ">=6"
      }
    },
    "node_modules/rdf-validate-shacl": {
      "version": "0.4.5",
      "resolved": "https://registry.npmjs.org/rdf-validate-shacl/-/rdf-validate-shacl-0.4.5.tgz",
      "integrity": "sha512-tGYnssuPzmsPua1dju4hEtGkT1zouvwzVTNrFhNiqj2aZFO5pQ7lvLd9Cv9H9vKAlpIdC/x0zL6btxG3PCss0w==",
      "dependencies": {
        "@rdfjs/dataset": "^1.1.1",
        "@rdfjs/namespace": "^1.0.0",
        "@rdfjs/term-set": "^1.1.0",
        "clownface": "^1.4.0",
        "debug": "^4.3.2",
        "rdf-literal": "^1.3.0",
        "rdf-validate-datatype": "^0.1.5"
      }
    },
    "node_modules/rdf-validate-shacl/node_modules/@rdfjs/data-model": {
      "version": "1.3.4",
      "resolved": "https://registry.npmjs.org/@rdfjs/data-model/-/data-model-1.3.4.tgz",
      "integrity": "sha512-iKzNcKvJotgbFDdti7GTQDCYmL7GsGldkYStiP0K8EYtN7deJu5t7U11rKTz+nR7RtesUggT+lriZ7BakFv8QQ==",
      "dependencies": {
        "@rdfjs/types": ">=1.0.1"
      },
      "bin": {
        "rdfjs-data-model-test": "bin/test.js"
      }
    },
    "node_modules/rdf-validate-shacl/node_modules/@rdfjs/dataset": {
      "version": "1.1.1",
      "resolved": "https://registry.npmjs.org/@rdfjs/dataset/-/dataset-1.1.1.tgz",
      "integrity": "sha512-BNwCSvG0cz0srsG5esq6CQKJc1m8g/M0DZpLuiEp0MMpfwguXX7VeS8TCg4UUG3DV/DqEvhy83ZKSEjdsYseeA==",
      "dependencies": {
        "@rdfjs/data-model": "^1.2.0"
      },
      "bin": {
        "rdfjs-dataset-test": "bin/test.js"
      }
    },
    "node_modules/rdf-validate-shacl/node_modules/@rdfjs/namespace": {
      "version": "1.1.0",
      "resolved": "https://registry.npmjs.org/@rdfjs/namespace/-/namespace-1.1.0.tgz",
      "integrity": "sha512-utO5rtaOKxk8B90qzaQ0N+J5WrCI28DtfAY/zExCmXE7cOfC5uRI/oMKbLaVEPj2P7uArekt/T4IPATtj7Tjug==",
      "dependencies": {
        "@rdfjs/data-model": "^1.1.0"
      },
      "engines": {
        "node": ">=6"
      }
    },
    "node_modules/rdf-validate-shacl/node_modules/@rdfjs/term-set": {
      "version": "1.1.0",
      "resolved": "https://registry.npmjs.org/@rdfjs/term-set/-/term-set-1.1.0.tgz",
      "integrity": "sha512-QQ4yzVe1Rvae/GN9SnOhweHNpaxQtnAjeOVciP/yJ0Gfxtbphy2tM56ZsRLV04Qq5qMcSclZIe6irYyEzx/UwQ==",
      "dependencies": {
        "@rdfjs/to-ntriples": "^2.0.0"
      }
    },
    "node_modules/rdfxml-streaming-parser": {
      "version": "2.2.1",
      "resolved": "https://registry.npmjs.org/rdfxml-streaming-parser/-/rdfxml-streaming-parser-2.2.1.tgz",
      "integrity": "sha512-1r7aXfSRCLkBYXGcko/GpSZdHxXKvYaeUi2ulEbB7cLvACD7DNoAA/uW6dsETEhgmsEipJZI7NLqBl2whOse8Q==",
      "dependencies": {
        "@rdfjs/types": "*",
        "@types/readable-stream": "^2.3.13",
        "buffer": "^6.0.3",
        "rdf-data-factory": "^1.1.0",
        "readable-stream": "^4.0.0",
        "relative-to-absolute-iri": "^1.0.0",
        "saxes": "^6.0.0",
        "validate-iri": "^1.0.0"
      }
    },
    "node_modules/readable-stream": {
      "version": "4.3.0",
      "resolved": "https://registry.npmjs.org/readable-stream/-/readable-stream-4.3.0.tgz",
      "integrity": "sha512-MuEnA0lbSi7JS8XM+WNJlWZkHAAdm7gETHdFK//Q/mChGyj2akEFtdLZh32jSdkWGbRwCW9pn6g3LWDdDeZnBQ==",
      "dependencies": {
        "abort-controller": "^3.0.0",
        "buffer": "^6.0.3",
        "events": "^3.3.0",
        "process": "^0.11.10"
      },
      "engines": {
        "node": "^12.22.0 || ^14.17.0 || >=16.0.0"
      }
    },
    "node_modules/relative-to-absolute-iri": {
      "version": "1.0.7",
      "resolved": "https://registry.npmjs.org/relative-to-absolute-iri/-/relative-to-absolute-iri-1.0.7.tgz",
      "integrity": "sha512-Xjyl4HmIzg2jzK/Un2gELqbcE8Fxy85A/aLSHE6PE/3+OGsFwmKVA1vRyGaz6vLWSqLDMHA+5rjD/xbibSQN1Q=="
    },
    "node_modules/safe-buffer": {
      "version": "5.2.1",
      "resolved": "https://registry.npmjs.org/safe-buffer/-/safe-buffer-5.2.1.tgz",
      "integrity": "sha512-rp3So07KcdmmKbGvgaNxQSJr7bGVSVk5S9Eq1F+ppbRo70+YeaDxkw5Dd8NPN+GD6bjnYm2VuPuCXmpuYvmCXQ==",
      "funding": [
        {
          "type": "github",
          "url": "https://github.com/sponsors/feross"
        },
        {
          "type": "patreon",
          "url": "https://www.patreon.com/feross"
        },
        {
          "type": "consulting",
          "url": "https://feross.org/support"
        }
      ]
    },
    "node_modules/saxes": {
      "version": "6.0.0",
      "resolved": "https://registry.npmjs.org/saxes/-/saxes-6.0.0.tgz",
      "integrity": "sha512-xAg7SOnEhrm5zI3puOOKyy1OMcMlIJZYNJY7xLBwSze0UjhPLnWfj2GF2EpT0jmzaJKIWKHLsaSSajf35bcYnA==",
      "dependencies": {
        "xmlchars": "^2.2.0"
      },
      "engines": {
        "node": ">=v12.22.7"
      }
    },
    "node_modules/setimmediate": {
      "version": "1.0.5",
      "resolved": "https://registry.npmjs.org/setimmediate/-/setimmediate-1.0.5.tgz",
      "integrity": "sha512-MATJdZp8sLqDl/68LfQmbP8zKPLQNV6BIZoIgrscFDQ+RsvK/BxeDQOgyxKKoh0y/8h3BqVFnCqQ/gd+reiIXA=="
    },
    "node_modules/stream-chunks": {
      "version": "1.0.0",
      "resolved": "https://registry.npmjs.org/stream-chunks/-/stream-chunks-1.0.0.tgz",
      "integrity": "sha512-/G+kinLx3pKXChtuko82taA4gZo56zFG2b2BbhmugmS0TUPBL40c5b2vjonS+gAHYK/cSKM9m0WTvAJYgDUeNw==",
      "dependencies": {
        "buffer": "^6.0.3",
        "string_decoder": "^1.3.0"
      }
    },
    "node_modules/string_decoder": {
      "version": "1.3.0",
      "resolved": "https://registry.npmjs.org/string_decoder/-/string_decoder-1.3.0.tgz",
      "integrity": "sha512-hkRX8U1WjJFd8LsDJ2yQ/wWWxaopEsABU1XfkM8A+j0+85JAGppt16cr1Whg6KIbb4okU6Mql6BOj+uup/wKeA==",
      "dependencies": {
        "safe-buffer": "~5.2.0"
      }
    },
    "node_modules/tr46": {
      "version": "0.0.3",
      "resolved": "https://registry.npmjs.org/tr46/-/tr46-0.0.3.tgz",
      "integrity": "sha512-N3WMsuqV66lT30CrXNbEjx4GEwlow3v6rr4mCcv6prnfwhS01rkgyFdjPNBYd9br7LpXV1+Emh01fHnq2Gdgrw=="
    },
    "node_modules/validate-iri": {
      "version": "1.0.1",
      "resolved": "https://registry.npmjs.org/validate-iri/-/validate-iri-1.0.1.tgz",
      "integrity": "sha512-gLXi7351CoyVVQw8XE5sgpYawRKatxE7kj/xmCxXOZS1kMdtcqC0ILIqLuVEVnAUQSL/evOGG3eQ+8VgbdnstA=="
    },
    "node_modules/web-streams-polyfill": {
      "version": "3.2.1",
      "resolved": "https://registry.npmjs.org/web-streams-polyfill/-/web-streams-polyfill-3.2.1.tgz",
      "integrity": "sha512-e0MO3wdXWKrLbL0DgGnUV7WHVuw9OUvL4hjgnPkIeEvESk74gAITi5G606JtZPp39cd8HA9VQzCIvA49LpPN5Q==",
      "engines": {
        "node": ">= 8"
      }
    },
    "node_modules/webidl-conversions": {
      "version": "3.0.1",
      "resolved": "https://registry.npmjs.org/webidl-conversions/-/webidl-conversions-3.0.1.tgz",
      "integrity": "sha512-2JAn3z8AR6rjK8Sm8orRC0h/bcl/DqL7tRPdGZ4I1CjdF+EaMLmYxBHyXuKL849eucPFhvBoxMsflfOb8kxaeQ=="
    },
    "node_modules/whatwg-url": {
      "version": "5.0.0",
      "resolved": "https://registry.npmjs.org/whatwg-url/-/whatwg-url-5.0.0.tgz",
      "integrity": "sha512-saE57nupxk6v3HY35+jzBwYa0rKSy0XR8JSxZPwgLr7ys0IBzhGviA1/TUGJLmSVqs8pb9AnvICXEuOHLprYTw==",
      "dependencies": {
        "tr46": "~0.0.3",
        "webidl-conversions": "^3.0.0"
      }
    },
    "node_modules/xmlchars": {
      "version": "2.2.0",
      "resolved": "https://registry.npmjs.org/xmlchars/-/xmlchars-2.2.0.tgz",
      "integrity": "sha512-JZnDKK8B0RCDw84FNdDAIpZK+JuJw+s7Lz8nksI7SIuU3UXJJslUthsi+uWBUYOwPFwW7W7PRLRfUKpxjtjFCw=="
    }
  }
}
